// !$*UTF8*$!
{
	archiveVersion = 1;
	classes = {
	};
	objectVersion = 46;
	objects = {

/* Begin PBXBuildFile section */
		5332284E18A7394300773AEB /* Foundation.framework in Frameworks */ = {isa = PBXBuildFile; fileRef = 5332284D18A7394300773AEB /* Foundation.framework */; };
		5332285018A7394300773AEB /* CoreGraphics.framework in Frameworks */ = {isa = PBXBuildFile; fileRef = 5332284F18A7394300773AEB /* CoreGraphics.framework */; };
		5332285218A7394300773AEB /* UIKit.framework in Frameworks */ = {isa = PBXBuildFile; fileRef = 5332285118A7394300773AEB /* UIKit.framework */; };
		5332285818A7394300773AEB /* InfoPlist.strings in Resources */ = {isa = PBXBuildFile; fileRef = 5332285618A7394300773AEB /* InfoPlist.strings */; };
		5332285A18A7394300773AEB /* main.m in Sources */ = {isa = PBXBuildFile; fileRef = 5332285918A7394300773AEB /* main.m */; };
		5332285E18A7394300773AEB /* JHAppDelegate.m in Sources */ = {isa = PBXBuildFile; fileRef = 5332285D18A7394300773AEB /* JHAppDelegate.m */; };
		5332286118A7394300773AEB /* Main.storyboard in Resources */ = {isa = PBXBuildFile; fileRef = 5332285F18A7394300773AEB /* Main.storyboard */; };
		5332286418A7394300773AEB /* JHViewController.m in Sources */ = {isa = PBXBuildFile; fileRef = 5332286318A7394300773AEB /* JHViewController.m */; };
		5332286618A7394300773AEB /* Images.xcassets in Resources */ = {isa = PBXBuildFile; fileRef = 5332286518A7394300773AEB /* Images.xcassets */; };
		5332286D18A7394400773AEB /* XCTest.framework in Frameworks */ = {isa = PBXBuildFile; fileRef = 5332286C18A7394400773AEB /* XCTest.framework */; };
		5332286E18A7394400773AEB /* Foundation.framework in Frameworks */ = {isa = PBXBuildFile; fileRef = 5332284D18A7394300773AEB /* Foundation.framework */; };
		5332286F18A7394400773AEB /* UIKit.framework in Frameworks */ = {isa = PBXBuildFile; fileRef = 5332285118A7394300773AEB /* UIKit.framework */; };
		5332287718A7394400773AEB /* InfoPlist.strings in Resources */ = {isa = PBXBuildFile; fileRef = 5332287518A7394400773AEB /* InfoPlist.strings */; };
		5332287918A7394400773AEB /* BMIiOSTests.m in Sources */ = {isa = PBXBuildFile; fileRef = 5332287818A7394400773AEB /* BMIiOSTests.m */; };
		5332289C18A74BCA00773AEB /* libReactiveCocoa-iOS.a in Frameworks */ = {isa = PBXBuildFile; fileRef = 5332289118A74BA600773AEB /* libReactiveCocoa-iOS.a */; };
		533228AE18A775F800773AEB /* UIColor+BMI.m in Sources */ = {isa = PBXBuildFile; fileRef = 533228AD18A775F800773AEB /* UIColor+BMI.m */; };
		539D07AC18AA043C009338D1 /* JHBMIViewModel.m in Sources */ = {isa = PBXBuildFile; fileRef = 539D07AB18AA043C009338D1 /* JHBMIViewModel.m */; };
/* End PBXBuildFile section */

/* Begin PBXContainerItemProxy section */
		5332287018A7394400773AEB /* PBXContainerItemProxy */ = {
			isa = PBXContainerItemProxy;
			containerPortal = 5332284218A7394300773AEB /* Project object */;
			proxyType = 1;
			remoteGlobalIDString = 5332284918A7394300773AEB;
			remoteInfo = BMIiOS;
		};
		5332288E18A74BA600773AEB /* PBXContainerItemProxy */ = {
			isa = PBXContainerItemProxy;
			containerPortal = 5332288218A74B9F00773AEB /* ReactiveCocoa.xcodeproj */;
			proxyType = 2;
			remoteGlobalIDString = 88037F8315056328001A5B19;
			remoteInfo = ReactiveCocoa;
		};
		5332289018A74BA600773AEB /* PBXContainerItemProxy */ = {
			isa = PBXContainerItemProxy;
			containerPortal = 5332288218A74B9F00773AEB /* ReactiveCocoa.xcodeproj */;
			proxyType = 2;
			remoteGlobalIDString = 88F440AB153DAC820097B4C3;
			remoteInfo = "ReactiveCocoa-iOS";
		};
		5332289218A74BA600773AEB /* PBXContainerItemProxy */ = {
			isa = PBXContainerItemProxy;
			containerPortal = 5332288218A74B9F00773AEB /* ReactiveCocoa.xcodeproj */;
			proxyType = 2;
			remoteGlobalIDString = 88CDF7DC15000FCF00163A9F;
			remoteInfo = ReactiveCocoaTests;
		};
		5332289418A74BA600773AEB /* PBXContainerItemProxy */ = {
			isa = PBXContainerItemProxy;
			containerPortal = 5332288218A74B9F00773AEB /* ReactiveCocoa.xcodeproj */;
			proxyType = 2;
			remoteGlobalIDString = 5FAF5223174D4C2000CAC810;
			remoteInfo = "ReactiveCocoaTests-iOS";
		};
		5332289618A74BA600773AEB /* PBXContainerItemProxy */ = {
			isa = PBXContainerItemProxy;
			containerPortal = 5332288218A74B9F00773AEB /* ReactiveCocoa.xcodeproj */;
			proxyType = 2;
			remoteGlobalIDString = 1860F412177C91B500C7B3C9;
			remoteInfo = "ReactiveCocoa-iOS-UIKitTestHost";
		};
		5332289818A74BA600773AEB /* PBXContainerItemProxy */ = {
			isa = PBXContainerItemProxy;
			containerPortal = 5332288218A74B9F00773AEB /* ReactiveCocoa.xcodeproj */;
			proxyType = 2;
			remoteGlobalIDString = 1860F430177C91B500C7B3C9;
			remoteInfo = "ReactiveCocoa-iOS-UIKitTestHostTests";
		};
		5332289A18A74BA600773AEB /* PBXContainerItemProxy */ = {
			isa = PBXContainerItemProxy;
			containerPortal = 5332288218A74B9F00773AEB /* ReactiveCocoa.xcodeproj */;
			proxyType = 2;
			remoteGlobalIDString = D05AD39417F2D56F0080895B;
			remoteInfo = "ReactiveCocoa-Mac";
		};
/* End PBXContainerItemProxy section */

/* Begin PBXFileReference section */
		5332284A18A7394300773AEB /* BMIiOS.app */ = {isa = PBXFileReference; explicitFileType = wrapper.application; includeInIndex = 0; path = BMIiOS.app; sourceTree = BUILT_PRODUCTS_DIR; };
		5332284D18A7394300773AEB /* Foundation.framework */ = {isa = PBXFileReference; lastKnownFileType = wrapper.framework; name = Foundation.framework; path = System/Library/Frameworks/Foundation.framework; sourceTree = SDKROOT; };
		5332284F18A7394300773AEB /* CoreGraphics.framework */ = {isa = PBXFileReference; lastKnownFileType = wrapper.framework; name = CoreGraphics.framework; path = System/Library/Frameworks/CoreGraphics.framework; sourceTree = SDKROOT; };
		5332285118A7394300773AEB /* UIKit.framework */ = {isa = PBXFileReference; lastKnownFileType = wrapper.framework; name = UIKit.framework; path = System/Library/Frameworks/UIKit.framework; sourceTree = SDKROOT; };
		5332285518A7394300773AEB /* BMIiOS-Info.plist */ = {isa = PBXFileReference; lastKnownFileType = text.plist.xml; path = "BMIiOS-Info.plist"; sourceTree = "<group>"; };
		5332285718A7394300773AEB /* en */ = {isa = PBXFileReference; lastKnownFileType = text.plist.strings; name = en; path = en.lproj/InfoPlist.strings; sourceTree = "<group>"; };
		5332285918A7394300773AEB /* main.m */ = {isa = PBXFileReference; lastKnownFileType = sourcecode.c.objc; path = main.m; sourceTree = "<group>"; };
		5332285B18A7394300773AEB /* BMIiOS-Prefix.pch */ = {isa = PBXFileReference; lastKnownFileType = sourcecode.c.h; path = "BMIiOS-Prefix.pch"; sourceTree = "<group>"; };
		5332285C18A7394300773AEB /* JHAppDelegate.h */ = {isa = PBXFileReference; lastKnownFileType = sourcecode.c.h; path = JHAppDelegate.h; sourceTree = "<group>"; };
		5332285D18A7394300773AEB /* JHAppDelegate.m */ = {isa = PBXFileReference; lastKnownFileType = sourcecode.c.objc; path = JHAppDelegate.m; sourceTree = "<group>"; };
		5332286018A7394300773AEB /* Base */ = {isa = PBXFileReference; lastKnownFileType = file.storyboard; name = Base; path = Base.lproj/Main.storyboard; sourceTree = "<group>"; };
		5332286218A7394300773AEB /* JHViewController.h */ = {isa = PBXFileReference; lastKnownFileType = sourcecode.c.h; path = JHViewController.h; sourceTree = "<group>"; };
		5332286318A7394300773AEB /* JHViewController.m */ = {isa = PBXFileReference; lastKnownFileType = sourcecode.c.objc; path = JHViewController.m; sourceTree = "<group>"; };
		5332286518A7394300773AEB /* Images.xcassets */ = {isa = PBXFileReference; lastKnownFileType = folder.assetcatalog; path = Images.xcassets; sourceTree = "<group>"; };
		5332286B18A7394400773AEB /* BMIiOSTests.xctest */ = {isa = PBXFileReference; explicitFileType = wrapper.cfbundle; includeInIndex = 0; path = BMIiOSTests.xctest; sourceTree = BUILT_PRODUCTS_DIR; };
		5332286C18A7394400773AEB /* XCTest.framework */ = {isa = PBXFileReference; lastKnownFileType = wrapper.framework; name = XCTest.framework; path = Library/Frameworks/XCTest.framework; sourceTree = DEVELOPER_DIR; };
		5332287418A7394400773AEB /* BMIiOSTests-Info.plist */ = {isa = PBXFileReference; lastKnownFileType = text.plist.xml; path = "BMIiOSTests-Info.plist"; sourceTree = "<group>"; };
		5332287618A7394400773AEB /* en */ = {isa = PBXFileReference; lastKnownFileType = text.plist.strings; name = en; path = en.lproj/InfoPlist.strings; sourceTree = "<group>"; };
		5332287818A7394400773AEB /* BMIiOSTests.m */ = {isa = PBXFileReference; lastKnownFileType = sourcecode.c.objc; path = BMIiOSTests.m; sourceTree = "<group>"; };
		5332288218A74B9F00773AEB /* ReactiveCocoa.xcodeproj */ = {isa = PBXFileReference; lastKnownFileType = "wrapper.pb-project"; name = ReactiveCocoa.xcodeproj; path = ReactiveCocoa/ReactiveCocoaFramework/ReactiveCocoa.xcodeproj; sourceTree = "<group>"; };
		533228AC18A775F800773AEB /* UIColor+BMI.h */ = {isa = PBXFileReference; fileEncoding = 4; lastKnownFileType = sourcecode.c.h; path = "UIColor+BMI.h"; sourceTree = "<group>"; };
		533228AD18A775F800773AEB /* UIColor+BMI.m */ = {isa = PBXFileReference; fileEncoding = 4; lastKnownFileType = sourcecode.c.objc; path = "UIColor+BMI.m"; sourceTree = "<group>"; };
		539D07AA18AA043C009338D1 /* JHBMIViewModel.h */ = {isa = PBXFileReference; fileEncoding = 4; lastKnownFileType = sourcecode.c.h; path = JHBMIViewModel.h; sourceTree = "<group>"; };
		539D07AB18AA043C009338D1 /* JHBMIViewModel.m */ = {isa = PBXFileReference; fileEncoding = 4; lastKnownFileType = sourcecode.c.objc; path = JHBMIViewModel.m; sourceTree = "<group>"; };
/* End PBXFileReference section */

/* Begin PBXFrameworksBuildPhase section */
		5332284718A7394300773AEB /* Frameworks */ = {
			isa = PBXFrameworksBuildPhase;
			buildActionMask = 2147483647;
			files = (
				5332289C18A74BCA00773AEB /* libReactiveCocoa-iOS.a in Frameworks */,
				5332285018A7394300773AEB /* CoreGraphics.framework in Frameworks */,
				5332285218A7394300773AEB /* UIKit.framework in Frameworks */,
				5332284E18A7394300773AEB /* Foundation.framework in Frameworks */,
			);
			runOnlyForDeploymentPostprocessing = 0;
		};
		5332286818A7394400773AEB /* Frameworks */ = {
			isa = PBXFrameworksBuildPhase;
			buildActionMask = 2147483647;
			files = (
				5332286D18A7394400773AEB /* XCTest.framework in Frameworks */,
				5332286F18A7394400773AEB /* UIKit.framework in Frameworks */,
				5332286E18A7394400773AEB /* Foundation.framework in Frameworks */,
			);
			runOnlyForDeploymentPostprocessing = 0;
		};
/* End PBXFrameworksBuildPhase section */

/* Begin PBXGroup section */
		5332284118A7394300773AEB = {
			isa = PBXGroup;
			children = (
				5332285318A7394300773AEB /* BMIiOS */,
				5332287218A7394400773AEB /* BMIiOSTests */,
				5332284C18A7394300773AEB /* Frameworks */,
				5332284B18A7394300773AEB /* Products */,
			);
			sourceTree = "<group>";
		};
		5332284B18A7394300773AEB /* Products */ = {
			isa = PBXGroup;
			children = (
				5332284A18A7394300773AEB /* BMIiOS.app */,
				5332286B18A7394400773AEB /* BMIiOSTests.xctest */,
			);
			name = Products;
			sourceTree = "<group>";
		};
		5332284C18A7394300773AEB /* Frameworks */ = {
			isa = PBXGroup;
			children = (
				5332288218A74B9F00773AEB /* ReactiveCocoa.xcodeproj */,
				5332284D18A7394300773AEB /* Foundation.framework */,
				5332284F18A7394300773AEB /* CoreGraphics.framework */,
				5332285118A7394300773AEB /* UIKit.framework */,
				5332286C18A7394400773AEB /* XCTest.framework */,
			);
			name = Frameworks;
			sourceTree = "<group>";
		};
		5332285318A7394300773AEB /* BMIiOS */ = {
			isa = PBXGroup;
			children = (
				539D07AA18AA043C009338D1 /* JHBMIViewModel.h */,
				539D07AB18AA043C009338D1 /* JHBMIViewModel.m */,
				5332286218A7394300773AEB /* JHViewController.h */,
				5332286318A7394300773AEB /* JHViewController.m */,
				5332285F18A7394300773AEB /* Main.storyboard */,
				5332285C18A7394300773AEB /* JHAppDelegate.h */,
				5332285D18A7394300773AEB /* JHAppDelegate.m */,
				5332286518A7394300773AEB /* Images.xcassets */,
				536CA82818A7877500229EDA /* Categories */,
				5332285418A7394300773AEB /* Supporting Files */,
			);
			path = BMIiOS;
			sourceTree = "<group>";
		};
		5332285418A7394300773AEB /* Supporting Files */ = {
			isa = PBXGroup;
			children = (
				5332285518A7394300773AEB /* BMIiOS-Info.plist */,
				5332285618A7394300773AEB /* InfoPlist.strings */,
				5332285918A7394300773AEB /* main.m */,
				5332285B18A7394300773AEB /* BMIiOS-Prefix.pch */,
			);
			name = "Supporting Files";
			sourceTree = "<group>";
		};
		5332287218A7394400773AEB /* BMIiOSTests */ = {
			isa = PBXGroup;
			children = (
				5332287818A7394400773AEB /* BMIiOSTests.m */,
				5332287318A7394400773AEB /* Supporting Files */,
			);
			path = BMIiOSTests;
			sourceTree = "<group>";
		};
		5332287318A7394400773AEB /* Supporting Files */ = {
			isa = PBXGroup;
			children = (
				5332287418A7394400773AEB /* BMIiOSTests-Info.plist */,
				5332287518A7394400773AEB /* InfoPlist.strings */,
			);
			name = "Supporting Files";
			sourceTree = "<group>";
		};
		5332288318A74B9F00773AEB /* Products */ = {
			isa = PBXGroup;
			children = (
				5332288F18A74BA600773AEB /* ReactiveCocoa.framework */,
				5332289118A74BA600773AEB /* libReactiveCocoa-iOS.a */,
				5332289318A74BA600773AEB /* ReactiveCocoaTests.octest */,
				5332289518A74BA600773AEB /* ReactiveCocoaTests-iOS.octest */,
				5332289718A74BA600773AEB /* ReactiveCocoa-iOS-UIKitTestHost.app */,
				5332289918A74BA600773AEB /* ReactiveCocoa-iOS-UIKitTestHostTests.octest */,
				5332289B18A74BA600773AEB /* libReactiveCocoa-Mac.a */,
			);
			name = Products;
			sourceTree = "<group>";
		};
		536CA82818A7877500229EDA /* Categories */ = {
			isa = PBXGroup;
			children = (
				533228AC18A775F800773AEB /* UIColor+BMI.h */,
				533228AD18A775F800773AEB /* UIColor+BMI.m */,
			);
			name = Categories;
			sourceTree = "<group>";
		};
/* End PBXGroup section */

/* Begin PBXNativeTarget section */
		5332284918A7394300773AEB /* BMIiOS */ = {
			isa = PBXNativeTarget;
			buildConfigurationList = 5332287C18A7394400773AEB /* Build configuration list for PBXNativeTarget "BMIiOS" */;
			buildPhases = (
				5332284618A7394300773AEB /* Sources */,
				5332284718A7394300773AEB /* Frameworks */,
				5332284818A7394300773AEB /* Resources */,
			);
			buildRules = (
			);
			dependencies = (
			);
			name = BMIiOS;
			productName = BMIiOS;
			productReference = 5332284A18A7394300773AEB /* BMIiOS.app */;
			productType = "com.apple.product-type.application";
		};
		5332286A18A7394400773AEB /* BMIiOSTests */ = {
			isa = PBXNativeTarget;
			buildConfigurationList = 5332287F18A7394400773AEB /* Build configuration list for PBXNativeTarget "BMIiOSTests" */;
			buildPhases = (
				5332286718A7394400773AEB /* Sources */,
				5332286818A7394400773AEB /* Frameworks */,
				5332286918A7394400773AEB /* Resources */,
			);
			buildRules = (
			);
			dependencies = (
				5332287118A7394400773AEB /* PBXTargetDependency */,
			);
			name = BMIiOSTests;
			productName = BMIiOSTests;
			productReference = 5332286B18A7394400773AEB /* BMIiOSTests.xctest */;
			productType = "com.apple.product-type.bundle.unit-test";
		};
/* End PBXNativeTarget section */

/* Begin PBXProject section */
		5332284218A7394300773AEB /* Project object */ = {
			isa = PBXProject;
			attributes = {
				CLASSPREFIX = JH;
				LastUpgradeCheck = 0500;
				ORGANIZATIONNAME = JH;
				TargetAttributes = {
					5332286A18A7394400773AEB = {
						TestTargetID = 5332284918A7394300773AEB;
					};
				};
			};
			buildConfigurationList = 5332284518A7394300773AEB /* Build configuration list for PBXProject "BMIiOS" */;
			compatibilityVersion = "Xcode 3.2";
			developmentRegion = English;
			hasScannedForEncodings = 0;
			knownRegions = (
				en,
				Base,
			);
			mainGroup = 5332284118A7394300773AEB;
			productRefGroup = 5332284B18A7394300773AEB /* Products */;
			projectDirPath = "";
			projectReferences = (
				{
					ProductGroup = 5332288318A74B9F00773AEB /* Products */;
					ProjectRef = 5332288218A74B9F00773AEB /* ReactiveCocoa.xcodeproj */;
				},
			);
			projectRoot = "";
			targets = (
				5332284918A7394300773AEB /* BMIiOS */,
				5332286A18A7394400773AEB /* BMIiOSTests */,
			);
		};
/* End PBXProject section */

/* Begin PBXReferenceProxy section */
		5332288F18A74BA600773AEB /* ReactiveCocoa.framework */ = {
			isa = PBXReferenceProxy;
			fileType = wrapper.framework;
			path = ReactiveCocoa.framework;
			remoteRef = 5332288E18A74BA600773AEB /* PBXContainerItemProxy */;
			sourceTree = BUILT_PRODUCTS_DIR;
		};
		5332289118A74BA600773AEB /* libReactiveCocoa-iOS.a */ = {
			isa = PBXReferenceProxy;
			fileType = archive.ar;
			path = "libReactiveCocoa-iOS.a";
			remoteRef = 5332289018A74BA600773AEB /* PBXContainerItemProxy */;
			sourceTree = BUILT_PRODUCTS_DIR;
		};
		5332289318A74BA600773AEB /* ReactiveCocoaTests.octest */ = {
			isa = PBXReferenceProxy;
			fileType = wrapper.cfbundle;
			path = ReactiveCocoaTests.octest;
			remoteRef = 5332289218A74BA600773AEB /* PBXContainerItemProxy */;
			sourceTree = BUILT_PRODUCTS_DIR;
		};
		5332289518A74BA600773AEB /* ReactiveCocoaTests-iOS.octest */ = {
			isa = PBXReferenceProxy;
			fileType = wrapper.cfbundle;
			path = "ReactiveCocoaTests-iOS.octest";
			remoteRef = 5332289418A74BA600773AEB /* PBXContainerItemProxy */;
			sourceTree = BUILT_PRODUCTS_DIR;
		};
		5332289718A74BA600773AEB /* ReactiveCocoa-iOS-UIKitTestHost.app */ = {
			isa = PBXReferenceProxy;
			fileType = wrapper.application;
			path = "ReactiveCocoa-iOS-UIKitTestHost.app";
			remoteRef = 5332289618A74BA600773AEB /* PBXContainerItemProxy */;
			sourceTree = BUILT_PRODUCTS_DIR;
		};
		5332289918A74BA600773AEB /* ReactiveCocoa-iOS-UIKitTestHostTests.octest */ = {
			isa = PBXReferenceProxy;
			fileType = wrapper.cfbundle;
			path = "ReactiveCocoa-iOS-UIKitTestHostTests.octest";
			remoteRef = 5332289818A74BA600773AEB /* PBXContainerItemProxy */;
			sourceTree = BUILT_PRODUCTS_DIR;
		};
		5332289B18A74BA600773AEB /* libReactiveCocoa-Mac.a */ = {
			isa = PBXReferenceProxy;
			fileType = archive.ar;
			path = "libReactiveCocoa-Mac.a";
			remoteRef = 5332289A18A74BA600773AEB /* PBXContainerItemProxy */;
			sourceTree = BUILT_PRODUCTS_DIR;
		};
/* End PBXReferenceProxy section */

/* Begin PBXResourcesBuildPhase section */
		5332284818A7394300773AEB /* Resources */ = {
			isa = PBXResourcesBuildPhase;
			buildActionMask = 2147483647;
			files = (
				5332286618A7394300773AEB /* Images.xcassets in Resources */,
				5332285818A7394300773AEB /* InfoPlist.strings in Resources */,
				5332286118A7394300773AEB /* Main.storyboard in Resources */,
			);
			runOnlyForDeploymentPostprocessing = 0;
		};
		5332286918A7394400773AEB /* Resources */ = {
			isa = PBXResourcesBuildPhase;
			buildActionMask = 2147483647;
			files = (
				5332287718A7394400773AEB /* InfoPlist.strings in Resources */,
			);
			runOnlyForDeploymentPostprocessing = 0;
		};
/* End PBXResourcesBuildPhase section */

/* Begin PBXSourcesBuildPhase section */
		5332284618A7394300773AEB /* Sources */ = {
			isa = PBXSourcesBuildPhase;
			buildActionMask = 2147483647;
			files = (
				5332285E18A7394300773AEB /* JHAppDelegate.m in Sources */,
				539D07AC18AA043C009338D1 /* JHBMIViewModel.m in Sources */,
				5332286418A7394300773AEB /* JHViewController.m in Sources */,
				533228AE18A775F800773AEB /* UIColor+BMI.m in Sources */,
				5332285A18A7394300773AEB /* main.m in Sources */,
			);
			runOnlyForDeploymentPostprocessing = 0;
		};
		5332286718A7394400773AEB /* Sources */ = {
			isa = PBXSourcesBuildPhase;
			buildActionMask = 2147483647;
			files = (
				5332287918A7394400773AEB /* BMIiOSTests.m in Sources */,
			);
			runOnlyForDeploymentPostprocessing = 0;
		};
/* End PBXSourcesBuildPhase section */

/* Begin PBXTargetDependency section */
		5332287118A7394400773AEB /* PBXTargetDependency */ = {
			isa = PBXTargetDependency;
			target = 5332284918A7394300773AEB /* BMIiOS */;
			targetProxy = 5332287018A7394400773AEB /* PBXContainerItemProxy */;
		};
/* End PBXTargetDependency section */

/* Begin PBXVariantGroup section */
		5332285618A7394300773AEB /* InfoPlist.strings */ = {
			isa = PBXVariantGroup;
			children = (
				5332285718A7394300773AEB /* en */,
			);
			name = InfoPlist.strings;
			sourceTree = "<group>";
		};
		5332285F18A7394300773AEB /* Main.storyboard */ = {
			isa = PBXVariantGroup;
			children = (
				5332286018A7394300773AEB /* Base */,
			);
			name = Main.storyboard;
			sourceTree = "<group>";
		};
		5332287518A7394400773AEB /* InfoPlist.strings */ = {
			isa = PBXVariantGroup;
			children = (
				5332287618A7394400773AEB /* en */,
			);
			name = InfoPlist.strings;
			sourceTree = "<group>";
		};
/* End PBXVariantGroup section */

/* Begin XCBuildConfiguration section */
		5332287A18A7394400773AEB /* Debug */ = {
			isa = XCBuildConfiguration;
			buildSettings = {
				ALWAYS_SEARCH_USER_PATHS = NO;
				ARCHS = "$(ARCHS_STANDARD_INCLUDING_64_BIT)";
				CLANG_CXX_LANGUAGE_STANDARD = "gnu++0x";
				CLANG_CXX_LIBRARY = "libc++";
				CLANG_ENABLE_MODULES = YES;
				CLANG_ENABLE_OBJC_ARC = YES;
				CLANG_WARN_BOOL_CONVERSION = YES;
				CLANG_WARN_CONSTANT_CONVERSION = YES;
				CLANG_WARN_DIRECT_OBJC_ISA_USAGE = YES_ERROR;
				CLANG_WARN_EMPTY_BODY = YES;
				CLANG_WARN_ENUM_CONVERSION = YES;
				CLANG_WARN_INT_CONVERSION = YES;
				CLANG_WARN_OBJC_ROOT_CLASS = YES_ERROR;
				CLANG_WARN__DUPLICATE_METHOD_MATCH = YES;
				"CODE_SIGN_IDENTITY[sdk=iphoneos*]" = "iPhone Developer";
				COPY_PHASE_STRIP = NO;
				GCC_C_LANGUAGE_STANDARD = gnu99;
				GCC_DYNAMIC_NO_PIC = NO;
				GCC_OPTIMIZATION_LEVEL = 0;
				GCC_PREPROCESSOR_DEFINITIONS = (
					"DEBUG=1",
					"$(inherited)",
				);
				GCC_SYMBOLS_PRIVATE_EXTERN = NO;
				GCC_WARN_64_TO_32_BIT_CONVERSION = YES;
				GCC_WARN_ABOUT_RETURN_TYPE = YES_ERROR;
				GCC_WARN_UNDECLARED_SELECTOR = YES;
				GCC_WARN_UNINITIALIZED_AUTOS = YES;
				GCC_WARN_UNUSED_FUNCTION = YES;
				GCC_WARN_UNUSED_VARIABLE = YES;
				HEADER_SEARCH_PATHS = (
					"$(inherited)",
					/Applications/Xcode.app/Contents/Developer/Toolchains/XcodeDefault.xctoolchain/usr/include,
					"$(PROJECT_DIR)/ReactiveCocoa/ReactiveCocoaFramework/ReactiveCocoa/extobjc",
					"$(PROJECT_DIR)/ReactiveCocoa/ReactiveCocoaFramework",
				);
				IPHONEOS_DEPLOYMENT_TARGET = 7.0;
				ONLY_ACTIVE_ARCH = YES;
				SDKROOT = iphoneos;
			};
			name = Debug;
		};
		5332287B18A7394400773AEB /* Release */ = {
			isa = XCBuildConfiguration;
			buildSettings = {
				ALWAYS_SEARCH_USER_PATHS = NO;
				ARCHS = "$(ARCHS_STANDARD_INCLUDING_64_BIT)";
				CLANG_CXX_LANGUAGE_STANDARD = "gnu++0x";
				CLANG_CXX_LIBRARY = "libc++";
				CLANG_ENABLE_MODULES = YES;
				CLANG_ENABLE_OBJC_ARC = YES;
				CLANG_WARN_BOOL_CONVERSION = YES;
				CLANG_WARN_CONSTANT_CONVERSION = YES;
				CLANG_WARN_DIRECT_OBJC_ISA_USAGE = YES_ERROR;
				CLANG_WARN_EMPTY_BODY = YES;
				CLANG_WARN_ENUM_CONVERSION = YES;
				CLANG_WARN_INT_CONVERSION = YES;
				CLANG_WARN_OBJC_ROOT_CLASS = YES_ERROR;
				CLANG_WARN__DUPLICATE_METHOD_MATCH = YES;
				"CODE_SIGN_IDENTITY[sdk=iphoneos*]" = "iPhone Developer";
				COPY_PHASE_STRIP = YES;
				ENABLE_NS_ASSERTIONS = NO;
				GCC_C_LANGUAGE_STANDARD = gnu99;
				GCC_WARN_64_TO_32_BIT_CONVERSION = YES;
				GCC_WARN_ABOUT_RETURN_TYPE = YES_ERROR;
				GCC_WARN_UNDECLARED_SELECTOR = YES;
				GCC_WARN_UNINITIALIZED_AUTOS = YES;
				GCC_WARN_UNUSED_FUNCTION = YES;
				GCC_WARN_UNUSED_VARIABLE = YES;
				HEADER_SEARCH_PATHS = (
					"$(inherited)",
					/Applications/Xcode.app/Contents/Developer/Toolchains/XcodeDefault.xctoolchain/usr/include,
					"$(PROJECT_DIR)/ReactiveCocoa/ReactiveCocoaFramework/ReactiveCocoa/extobjc",
					"$(PROJECT_DIR)/ReactiveCocoa/ReactiveCocoaFramework",
				);
				IPHONEOS_DEPLOYMENT_TARGET = 7.0;
				SDKROOT = iphoneos;
				VALIDATE_PRODUCT = YES;
			};
			name = Release;
		};
		5332287D18A7394400773AEB /* Debug */ = {
			isa = XCBuildConfiguration;
			buildSettings = {
				ASSETCATALOG_COMPILER_APPICON_NAME = AppIcon;
				ASSETCATALOG_COMPILER_LAUNCHIMAGE_NAME = LaunchImage;
				GCC_PRECOMPILE_PREFIX_HEADER = YES;
				GCC_PREFIX_HEADER = "BMIiOS/BMIiOS-Prefix.pch";
				HEADER_SEARCH_PATHS = (
					"$(inherited)",
					/Applications/Xcode.app/Contents/Developer/Toolchains/XcodeDefault.xctoolchain/usr/include,
					"$(PROJECT_DIR)/../ReactiveCocoa/ReactiveCocoaFramework/ReactiveCocoa/extobjc",
					"$(PROJECT_DIR)/../ReactiveCocoa/ReactiveCocoaFramework",
				);
				INFOPLIST_FILE = "BMIiOS/BMIiOS-Info.plist";
				OTHER_LDFLAGS = "-ObjC";
				PRODUCT_NAME = "$(TARGET_NAME)";
				WRAPPER_EXTENSION = app;
			};
			name = Debug;
		};
		5332287E18A7394400773AEB /* Release */ = {
			isa = XCBuildConfiguration;
			buildSettings = {
				ASSETCATALOG_COMPILER_APPICON_NAME = AppIcon;
				ASSETCATALOG_COMPILER_LAUNCHIMAGE_NAME = LaunchImage;
				GCC_PRECOMPILE_PREFIX_HEADER = YES;
				GCC_PREFIX_HEADER = "BMIiOS/BMIiOS-Prefix.pch";
				HEADER_SEARCH_PATHS = (
					"$(inherited)",
					/Applications/Xcode.app/Contents/Developer/Toolchains/XcodeDefault.xctoolchain/usr/include,
					"$(PROJECT_DIR)/../ReactiveCocoa/ReactiveCocoaFramework/ReactiveCocoa/extobjc",
					"$(PROJECT_DIR)/../ReactiveCocoa/ReactiveCocoaFramework",
				);
				INFOPLIST_FILE = "BMIiOS/BMIiOS-Info.plist";
				OTHER_LDFLAGS = "-ObjC";
				PRODUCT_NAME = "$(TARGET_NAME)";
				WRAPPER_EXTENSION = app;
			};
			name = Release;
		};
		5332288018A7394400773AEB /* Debug */ = {
			isa = XCBuildConfiguration;
			buildSettings = {
				ARCHS = "$(ARCHS_STANDARD_INCLUDING_64_BIT)";
				BUNDLE_LOADER = "$(BUILT_PRODUCTS_DIR)/BMIiOS.app/BMIiOS";
				FRAMEWORK_SEARCH_PATHS = (
					"$(SDKROOT)/Developer/Library/Frameworks",
					"$(inherited)",
					"$(DEVELOPER_FRAMEWORKS_DIR)",
				);
				GCC_PRECOMPILE_PREFIX_HEADER = YES;
				GCC_PREFIX_HEADER = "BMIiOS/BMIiOS-Prefix.pch";
				GCC_PREPROCESSOR_DEFINITIONS = (
					"DEBUG=1",
					"$(inherited)",
				);
				INFOPLIST_FILE = "BMIiOSTests/BMIiOSTests-Info.plist";
				PRODUCT_NAME = "$(TARGET_NAME)";
				TEST_HOST = "$(BUNDLE_LOADER)";
				WRAPPER_EXTENSION = xctest;
			};
			name = Debug;
		};
		5332288118A7394400773AEB /* Release */ = {
			isa = XCBuildConfiguration;
			buildSettings = {
				ARCHS = "$(ARCHS_STANDARD_INCLUDING_64_BIT)";
				BUNDLE_LOADER = "$(BUILT_PRODUCTS_DIR)/BMIiOS.app/BMIiOS";
				FRAMEWORK_SEARCH_PATHS = (
					"$(SDKROOT)/Developer/Library/Frameworks",
					"$(inherited)",
					"$(DEVELOPER_FRAMEWORKS_DIR)",
				);
				GCC_PRECOMPILE_PREFIX_HEADER = YES;
				GCC_PREFIX_HEADER = "BMIiOS/BMIiOS-Prefix.pch";
				INFOPLIST_FILE = "BMIiOSTests/BMIiOSTests-Info.plist";
				PRODUCT_NAME = "$(TARGET_NAME)";
				TEST_HOST = "$(BUNDLE_LOADER)";
				WRAPPER_EXTENSION = xctest;
			};
			name = Release;
		};
/* End XCBuildConfiguration section */

/* Begin XCConfigurationList section */
		5332284518A7394300773AEB /* Build configuration list for PBXProject "BMIiOS" */ = {
			isa = XCConfigurationList;
			buildConfigurations = (
				5332287A18A7394400773AEB /* Debug */,
				5332287B18A7394400773AEB /* Release */,
			);
			defaultConfigurationIsVisible = 0;
			defaultConfigurationName = Release;
		};
		5332287C18A7394400773AEB /* Build configuration list for PBXNativeTarget "BMIiOS" */ = {
			isa = XCConfigurationList;
			buildConfigurations = (
				5332287D18A7394400773AEB /* Debug */,
				5332287E18A7394400773AEB /* Release */,
			);
			defaultConfigurationIsVisible = 0;
			defaultConfigurationName = Release;
		};
		5332287F18A7394400773AEB /* Build configuration list for PBXNativeTarget "BMIiOSTests" */ = {
			isa = XCConfigurationList;
			buildConfigurations = (
				5332288018A7394400773AEB /* Debug */,
				5332288118A7394400773AEB /* Release */,
			);
			defaultConfigurationIsVisible = 0;
			defaultConfigurationName = Release;
		};
/* End XCConfigurationList section */
	};
	rootObject = 5332284218A7394300773AEB /* Project object */;
}
